
Microsoft Visual Studio Solution File, Format Version 12.00
# Visual Studio Version 16
VisualStudioVersion = 16.0.32510.428
MinimumVisualStudioVersion = 10.0.40219.1
Project("{FAE04EC0-301F-11D3-BF4B-00C04F79EFBC}") = "WindowsFormsApp1", "WindowsFormsApp1\WindowsFormsApp1.csproj", "{397E141A-9037-4B6E-9D97-E78BE838EBB6}"
EndProject
Global
	GlobalSection(SolutionConfigurationPlatforms) = preSolution
		Debug|Any CPU = Debug|Any CPU
		Release|Any CPU = Release|Any CPU
	EndGlobalSection
	GlobalSection(ProjectConfigurationPlatforms) = postSolution
		{397E141A-9037-4B6E-9D97-E78BE838EBB6}.Debug|Any CPU.ActiveCfg = Debug|Any CPU
		{397E141A-9037-4B6E-9D97-E78BE838EBB6}.Debug|Any CPU.Build.0 = Debug|Any CPU
		{397E141A-9037-4B6E-9D97-E78BE838EBB6}.Release|Any CPU.ActiveCfg = Release|Any CPU
		{397E141A-9037-4B6E-9D97-E78BE838EBB6}.Release|Any CPU.Build.0 = Release|Any CPU
	EndGlobalSection
	GlobalSection(SolutionProperties) = preSolution
		HideSolutionNode = FALSE
	EndGlobalSection
	GlobalSection(ExtensibilityGlobals) = postSolution
		SolutionGuid = {0FB0EC35-76C2-4649-AC6E-2A1E4C8BBDD8}
	EndGlobalSection
EndGlobal
